
Microsoft Visual Studio Solution File, Format Version 12.00
# Visual Studio 15
VisualStudioVersion = 15.0.28307.572
MinimumVisualStudioVersion = 10.0.40219.1
Project("{FAE04EC0-301F-11D3-BF4B-00C04F79EFBC}") = "SportsStore.Domain", "SportsStore.Domain\SportsStore.Domain.csproj", "{9B6D05DC-877C-47D0-BE75-6AC8BBA605B2}"
EndProject
Project("{FAE04EC0-301F-11D3-BF4B-00C04F79EFBC}") = "SportsStore.WebUI", "SportsStore.WebUI\SportsStore.WebUI.csproj", "{2CEE6BE9-45C1-4407-ACB6-F29413848D7B}"
EndProject
Project("{FAE04EC0-301F-11D3-BF4B-00C04F79EFBC}") = "SportsStore.UnitTests", "SportsStore.UnitTests\SportsStore.UnitTests.csproj", "{DD39B6CD-C882-4ECF-8539-C589944B353B}"
EndProject
Global
	GlobalSection(SolutionConfigurationPlatforms) = preSolution
		Debug|Any CPU = Debug|Any CPU
		Release|Any CPU = Release|Any CPU
	EndGlobalSection
	GlobalSection(ProjectConfigurationPlatforms) = postSolution
		{9B6D05DC-877C-47D0-BE75-6AC8BBA605B2}.Debug|Any CPU.ActiveCfg = Debug|Any CPU
		{9B6D05DC-877C-47D0-BE75-6AC8BBA605B2}.Debug|Any CPU.Build.0 = Debug|Any CPU
		{9B6D05DC-877C-47D0-BE75-6AC8BBA605B2}.Release|Any CPU.ActiveCfg = Release|Any CPU
		{9B6D05DC-877C-47D0-BE75-6AC8BBA605B2}.Release|Any CPU.Build.0 = Release|Any CPU
		{2CEE6BE9-45C1-4407-ACB6-F29413848D7B}.Debug|Any CPU.ActiveCfg = Debug|Any CPU
		{2CEE6BE9-45C1-4407-ACB6-F29413848D7B}.Debug|Any CPU.Build.0 = Debug|Any CPU
		{2CEE6BE9-45C1-4407-ACB6-F29413848D7B}.Release|Any CPU.ActiveCfg = Release|Any CPU
		{2CEE6BE9-45C1-4407-ACB6-F29413848D7B}.Release|Any CPU.Build.0 = Release|Any CPU
		{DD39B6CD-C882-4ECF-8539-C589944B353B}.Debug|Any CPU.ActiveCfg = Debug|Any CPU
		{DD39B6CD-C882-4ECF-8539-C589944B353B}.Debug|Any CPU.Build.0 = Debug|Any CPU
		{DD39B6CD-C882-4ECF-8539-C589944B353B}.Release|Any CPU.ActiveCfg = Release|Any CPU
		{DD39B6CD-C882-4ECF-8539-C589944B353B}.Release|Any CPU.Build.0 = Release|Any CPU
	EndGlobalSection
	GlobalSection(SolutionProperties) = preSolution
		HideSolutionNode = FALSE
	EndGlobalSection
	GlobalSection(ExtensibilityGlobals) = postSolution
		SolutionGuid = {BFE93C29-8E90-4E95-B40D-9C87556610AD}
	EndGlobalSection
EndGlobal
